# This file was autogenerated by uv via the following command:
#    uv pip compile requirements/fdb-evaluation.in --python-version 3.11 --python-platform x86_64-unknown-linux-gnu --output-file requirements/fdb-evaluation.lock
absl-py==2.5.0
    # via
    #   fiddle
    #   tensorboard
accelerate==1.15.0
    # via peft
aiofiles==25.1.0
    # via
    #   livekit
    #   livekit-agents
aiohappyeyeballs==2.7.1
    # via aiohttp
aiohttp==3.14.3
    # via
    #   fsspec
    #   livekit-agents
    #   livekit-api
aiosignal==1.4.0
    # via aiohttp
alembic==1.20.0
    # via optuna
annotated-doc==0.0.5
    # via typer
annotated-types==0.8.0
    # via pydantic
antlr4-python3-runtime==4.9.3
    # via
    #   hydra-core
    #   omegaconf
anyio==4.15.1
    # via
    #   httpx
    #   openai
    #   watchfiles
asttokens==3.0.2
    # via stack-data
attrs==26.1.0
    # via
    #   aiohttp
    #   jsonschema
    #   referencing
audioread==3.1.0
    # via
    #   lhotse
    #   librosa
av==18.1.0
    # via livekit-agents
beautifulsoup4==4.15.0
    # via gdown
bitsandbytes==0.45.5
    # via nemo-toolkit
braceexpand==0.1.7
    # via
    #   nemo-toolkit
    #   webdataset
certifi==2026.7.22
    # via
    #   httpcore
    #   httpx
    #   livekit-agents
    #   requests
    #   sentry-sdk
cffi==2.1.1
    # via
    #   sounddevice
    #   soundfile
charset-normalizer==3.5.1
    # via requests
click==8.5.0
    # via
    #   jiwer
    #   lhotse
    #   livekit-agents
    #   sacremoses
    #   wandb
cloudpickle==3.1.2
    # via
    #   joblib
    #   nemo-toolkit
colorama==0.4.6
    # via livekit-agents
coloredlogs==15.0.1
    # via onnxruntime
colorlog==6.12.0
    # via optuna
contourpy==1.3.3
    # via matplotlib
cycler==0.12.1
    # via matplotlib
cytoolz==1.1.0
    # via lhotse
datasets==5.0.1
    # via nemo-toolkit
decorator==5.3.1
    # via librosa
dill==0.4.1
    # via
    #   datasets
    #   multiprocess
distro==1.9.0
    # via openai
docopt==0.6.2
    # via
    #   num2words
    #   pyannote-metrics
docstring-parser==0.18.0
    # via livekit-agents
editdistance==0.8.1
    # via nemo-toolkit
einops==0.8.2
    # via nemo-toolkit
eval-type-backport==0.4.0
    # via livekit-agents
executing==2.2.1
    # via stack-data
ffmpeg-python==0.2.0
    # via -r requirements/fdb.in
fiddle==0.3.0
    # via nemo-toolkit
filelock==4.0.3
    # via
    #   datasets
    #   gdown
    #   huggingface-hub
    #   torch
    #   transformers
flatbuffers==25.12.19
    # via onnxruntime
fonttools==4.66.0
    # via matplotlib
frozenlist==1.8.0
    # via
    #   aiohttp
    #   aiosignal
fsspec==2024.12.0
    # via
    #   datasets
    #   huggingface-hub
    #   lightning
    #   nemo-toolkit
    #   pytorch-lightning
    #   torch
future==1.0.0
    # via ffmpeg-python
gdown==5.2.0
    # via -r requirements/fdb.in
googleapis-common-protos==1.75.0
    # via
    #   opentelemetry-exporter-otlp-proto-grpc
    #   opentelemetry-exporter-otlp-proto-http
graphviz==0.21
    # via fiddle
greenlet==3.5.6
    # via sqlalchemy
grpcio==1.84.0
    # via
    #   opentelemetry-exporter-otlp-proto-grpc
    #   tensorboard
h11==0.16.0
    # via httpcore
hf-xet==1.6.0
    # via huggingface-hub
httpcore==1.0.9
    # via httpx
httpx==0.28.1
    # via
    #   -r requirements/fdb.in
    #   datasets
    #   openai
huggingface-hub==0.36.2
    # via
    #   accelerate
    #   datasets
    #   nemo-toolkit
    #   peft
    #   tokenizers
    #   transformers
humanfriendly==10.0
    # via coloredlogs
hydra-core==1.3.2
    # via nemo-toolkit
idna==3.20
    # via
    #   anyio
    #   httpx
    #   requests
    #   yarl
importlib-metadata==8.7.1
    # via opentelemetry-api
indic-numtowords==1.1.0
    # via whisper-normalizer
inflect==7.5.0
    # via nemo-toolkit
intervaltree==3.2.1
    # via lhotse
ipython==9.17.1
    # via mediapy
ipython-pygments-lexers==1.1.1
    # via ipython
jedi==0.20.0
    # via ipython
jinja2==3.1.6
    # via torch
jiter==0.17.0
    # via openai
jiwer==3.1.0
    # via nemo-toolkit
joblib==1.6.0
    # via
    #   librosa
    #   sacremoses
    #   scikit-learn
jsonschema==4.23.0
    # via -r requirements/fdb.in
jsonschema-specifications==2025.9.1
    # via jsonschema
kaldi-python-io==1.2.2
    # via nemo-toolkit
kiwisolver==1.5.1
    # via matplotlib
lazy-loader==0.6
    # via librosa
levenshtein==0.27.5
    # via texterrors
lhotse==1.33.0
    # via nemo-toolkit
libcst==1.9.0
    # via fiddle
librosa==0.11.0
    # via nemo-toolkit
lightning==2.4.0
    # via nemo-toolkit
lightning-utilities==0.15.3
    # via
    #   lightning
    #   pytorch-lightning
    #   torchmetrics
livekit==1.0.23
    # via livekit-agents
livekit-agents==1.3.12
    # via
    #   -r requirements/fdb.in
    #   livekit-plugins-openai
    #   livekit-plugins-silero
livekit-api==1.2.1
    # via livekit-agents
livekit-blingfire==1.1.0
    # via livekit-agents
livekit-plugins-openai==1.3.12
    # via livekit-agents
livekit-plugins-silero==1.3.12
    # via livekit-agents
livekit-protocol==1.1.27
    # via
    #   livekit-agents
    #   livekit-api
llvmlite==0.49.0
    # via numba
loguru==0.7.3
    # via texterrors
mako==1.4.3
    # via alembic
markdown==3.10.3
    # via tensorboard
markdown-it-py==4.2.0
    # via rich
markupsafe==3.0.3
    # via
    #   jinja2
    #   mako
    #   werkzeug
marshmallow==4.3.1
    # via nemo-toolkit
matplotlib==3.11.2
    # via
    #   mediapy
    #   pyannote-metrics
matplotlib-inline==0.2.2
    # via ipython
mdurl==0.1.2
    # via markdown-it-py
mediapy==1.1.6
    # via nemo-toolkit
ml-dtypes==0.5.4
    # via onnx
more-itertools==11.1.0
    # via
    #   inflect
    #   whisper-normalizer
mpmath==1.3.0
    # via sympy
msgpack==1.2.2
    # via librosa
multidict==6.9.1
    # via
    #   aiohttp
    #   yarl
multiprocess==0.70.19
    # via datasets
narwhals==2.26.0
    # via scikit-learn
nemo-toolkit==2.4.0
    # via -r requirements/fdb-evaluation.in
nest-asyncio==1.6.0
    # via livekit-agents
networkx==3.6.1
    # via torch
num2words==0.5.14
    # via nemo-toolkit
numba==0.67.0
    # via
    #   librosa
    #   nemo-toolkit
    #   resampy
numpy==1.26.4
    # via
    #   -r requirements/fdb.in
    #   accelerate
    #   bitsandbytes
    #   contourpy
    #   datasets
    #   kaldi-python-io
    #   lhotse
    #   librosa
    #   livekit
    #   livekit-agents
    #   livekit-plugins-silero
    #   matplotlib
    #   mediapy
    #   ml-dtypes
    #   nemo-toolkit
    #   numba
    #   onnx
    #   onnxruntime
    #   optuna
    #   pandas
    #   peft
    #   pyannote-core
    #   pyannote-metrics
    #   pyloudnorm
    #   resampy
    #   scikit-learn
    #   scipy
    #   soundfile
    #   sox
    #   soxr
    #   tensorboard
    #   texterrors
    #   torchmetrics
    #   transformers
    #   webdataset
nvidia-cublas-cu12==12.4.5.8
    # via
    #   nvidia-cudnn-cu12
    #   nvidia-cusolver-cu12
    #   torch
nvidia-cuda-cupti-cu12==12.4.127
    # via torch
nvidia-cuda-nvrtc-cu12==12.4.127
    # via torch
nvidia-cuda-runtime-cu12==12.4.127
    # via torch
nvidia-cudnn-cu12==9.1.0.70
    # via torch
nvidia-cufft-cu12==11.2.1.3
    # via torch
nvidia-curand-cu12==10.3.5.147
    # via torch
nvidia-cusolver-cu12==11.6.1.9
    # via torch
nvidia-cusparse-cu12==12.3.1.170
    # via
    #   nvidia-cusolver-cu12
    #   torch
nvidia-cusparselt-cu12==0.6.2
    # via torch
nvidia-nccl-cu12==2.21.5
    # via torch
nvidia-nvjitlink-cu12==12.4.127
    # via
    #   nvidia-cusolver-cu12
    #   nvidia-cusparse-cu12
    #   torch
nvidia-nvtx-cu12==12.4.127
    # via torch
omegaconf==2.3.0
    # via
    #   hydra-core
    #   nemo-toolkit
onnx==1.22.0
    # via nemo-toolkit
onnxruntime==1.23.1
    # via livekit-plugins-silero
openai==1.109.1
    # via
    #   -r requirements/fdb.in
    #   livekit-agents
    #   livekit-plugins-openai
opentelemetry-api==1.39.1
    # via
    #   livekit-agents
    #   opentelemetry-exporter-otlp-proto-grpc
    #   opentelemetry-exporter-otlp-proto-http
    #   opentelemetry-sdk
    #   opentelemetry-semantic-conventions
opentelemetry-exporter-otlp==1.39.1
    # via livekit-agents
opentelemetry-exporter-otlp-proto-common==1.39.1
    # via
    #   opentelemetry-exporter-otlp-proto-grpc
    #   opentelemetry-exporter-otlp-proto-http
opentelemetry-exporter-otlp-proto-grpc==1.39.1
    # via opentelemetry-exporter-otlp
opentelemetry-exporter-otlp-proto-http==1.39.1
    # via opentelemetry-exporter-otlp
opentelemetry-proto==1.39.1
    # via
    #   opentelemetry-exporter-otlp-proto-common
    #   opentelemetry-exporter-otlp-proto-grpc
    #   opentelemetry-exporter-otlp-proto-http
opentelemetry-sdk==1.39.1
    # via
    #   livekit-agents
    #   opentelemetry-exporter-otlp-proto-grpc
    #   opentelemetry-exporter-otlp-proto-http
opentelemetry-semantic-conventions==0.60b1
    # via opentelemetry-sdk
optuna==5.0.0
    # via nemo-toolkit
packaging==24.2
    # via
    #   accelerate
    #   datasets
    #   huggingface-hub
    #   hydra-core
    #   lazy-loader
    #   lhotse
    #   lightning
    #   lightning-utilities
    #   matplotlib
    #   nemo-toolkit
    #   onnxruntime
    #   optuna
    #   peft
    #   pooch
    #   pytorch-lightning
    #   tensorboard
    #   torchmetrics
    #   transformers
    #   wandb
pandas==3.0.6
    # via
    #   datasets
    #   nemo-toolkit
    #   pyannote-database
    #   pyannote-metrics
parso==0.8.7
    # via jedi
peft==0.21.0
    # via nemo-toolkit
pexpect==4.9.0
    # via ipython
pillow==12.3.0
    # via
    #   livekit-agents
    #   matplotlib
    #   mediapy
    #   tensorboard
plac==1.4.7
    # via texterrors
platformdirs==4.11.12
    # via
    #   pooch
    #   wandb
pooch==1.9.0
    # via librosa
prometheus-client==0.26.0
    # via livekit-agents
prompt-toolkit==3.0.53
    # via ipython
propcache==0.5.4
    # via
    #   aiohttp
    #   yarl
protobuf==5.29.6
    # via
    #   googleapis-common-protos
    #   livekit
    #   livekit-agents
    #   livekit-api
    #   livekit-protocol
    #   nemo-toolkit
    #   onnx
    #   onnxruntime
    #   opentelemetry-proto
    #   tensorboard
    #   wandb
psutil==7.2.2
    # via
    #   accelerate
    #   ipython
    #   livekit-agents
    #   peft
ptyprocess==0.7.0
    # via pexpect
pure-eval==0.2.4
    # via stack-data
pyannote-core==5.0.0
    # via
    #   nemo-toolkit
    #   pyannote-database
    #   pyannote-metrics
pyannote-database==5.1.3
    # via pyannote-metrics
pyannote-metrics==3.2.1
    # via nemo-toolkit
pyarrow==25.0.1
    # via datasets
pybind11==3.1.0
    # via texterrors
pycparser==3.0
    # via cffi
pydantic==2.12.5
    # via
    #   -r requirements/fdb.in
    #   livekit-agents
    #   openai
    #   wandb
pydantic-core==2.41.5
    # via pydantic
pydub==0.25.1
    # via
    #   -r requirements/fdb.in
    #   nemo-toolkit
pygments==2.21.0
    # via
    #   ipython
    #   ipython-pygments-lexers
    #   rich
pyjwt==2.15.0
    # via
    #   livekit-agents
    #   livekit-api
pyloudnorm==0.2.0
    # via nemo-toolkit
pyparsing==3.3.3
    # via matplotlib
pysocks==1.7.1
    # via requests
python-dateutil==2.9.0.post0
    # via
    #   matplotlib
    #   nemo-toolkit
    #   pandas
python-dotenv==1.2.2
    # via -r requirements/fdb.in
pytorch-lightning==2.6.6
    # via lightning
pyyaml==6.0.3
    # via
    #   accelerate
    #   datasets
    #   huggingface-hub
    #   lhotse
    #   libcst
    #   lightning
    #   omegaconf
    #   optuna
    #   peft
    #   pyannote-database
    #   pytorch-lightning
    #   transformers
    #   wandb
    #   webdataset
rapidfuzz==3.14.6
    # via
    #   jiwer
    #   levenshtein
referencing==0.37.0
    # via
    #   jsonschema
    #   jsonschema-specifications
regex==2026.9.10
    # via
    #   sacremoses
    #   texterrors
    #   transformers
    #   whisper-normalizer
requests==2.34.2
    # via
    #   datasets
    #   gdown
    #   huggingface-hub
    #   opentelemetry-exporter-otlp-proto-http
    #   pooch
    #   transformers
    #   wandb
resampy==0.4.3
    # via nemo-toolkit
rich==15.0.0
    # via typer
rpds-py==2026.6.3
    # via
    #   jsonschema
    #   referencing
ruamel-yaml==0.19.1
    # via nemo-toolkit
sacremoses==0.2.0
    # via nemo-toolkit
safetensors==0.8.0
    # via
    #   accelerate
    #   peft
    #   transformers
scikit-learn==1.9.1
    # via
    #   librosa
    #   nemo-toolkit
    #   pyannote-metrics
scipy==1.17.1
    # via
    #   librosa
    #   nemo-toolkit
    #   pyannote-core
    #   pyannote-metrics
    #   pyloudnorm
    #   scikit-learn
sentencepiece==0.2.2
    # via nemo-toolkit
sentry-sdk==2.70.0
    # via wandb
setuptools==84.0.0
    # via
    #   nemo-toolkit
    #   tensorboard
shellingham==1.5.4
    # via typer
six==1.17.0
    # via python-dateutil
sniffio==1.3.1
    # via openai
sortedcontainers==2.4.0
    # via
    #   intervaltree
    #   pyannote-core
sounddevice==0.5.6
    # via livekit-agents
soundfile==0.14.0
    # via
    #   lhotse
    #   librosa
    #   nemo-toolkit
soupsieve==2.10
    # via beautifulsoup4
sox==1.5.0
    # via nemo-toolkit
soxr==1.1.0
    # via librosa
sqlalchemy==2.0.54
    # via
    #   alembic
    #   optuna
stack-data==0.6.3
    # via ipython
sympy==1.13.1
    # via
    #   onnxruntime
    #   pyannote-metrics
    #   torch
tabulate==0.10.0
    # via
    #   lhotse
    #   pyannote-metrics
tensorboard==2.20.0
    # via nemo-toolkit
tensorboard-data-server==0.7.2
    # via tensorboard
termcolor==3.3.0
    # via texterrors
text-unidecode==1.3
    # via nemo-toolkit
text2num==3.1.0
    # via whisper-normalizer
texterrors==0.5.1
    # via nemo-toolkit
threadpoolctl==3.7.0
    # via scikit-learn
tokenizers==0.21.4
    # via transformers
toolz==1.1.0
    # via cytoolz
torch==2.6.0
    # via
    #   -r requirements/fdb-evaluation.in
    #   accelerate
    #   bitsandbytes
    #   lhotse
    #   lightning
    #   nemo-toolkit
    #   peft
    #   pytorch-lightning
    #   torchaudio
    #   torchmetrics
torchaudio==2.6.0
    # via -r requirements/fdb-evaluation.in
torchmetrics==1.9.0
    # via
    #   lightning
    #   nemo-toolkit
    #   pytorch-lightning
tqdm==4.70.1
    # via
    #   datasets
    #   gdown
    #   huggingface-hub
    #   lhotse
    #   lightning
    #   nemo-toolkit
    #   openai
    #   optuna
    #   peft
    #   pytorch-lightning
    #   sacremoses
    #   transformers
traitlets==5.16.1
    # via
    #   ipython
    #   matplotlib-inline
transformers==4.51.3
    # via
    #   nemo-toolkit
    #   peft
triton==3.2.0
    # via torch
typeguard==4.6.0
    # via inflect
typer==0.27.2
    # via
    #   livekit-agents
    #   pyannote-database
types-protobuf==7.35.1.20260906
    # via
    #   livekit
    #   livekit-agents
    #   livekit-api
    #   livekit-protocol
typing-extensions==4.16.0
    # via
    #   aiohttp
    #   aiosignal
    #   alembic
    #   anyio
    #   beautifulsoup4
    #   fiddle
    #   grpcio
    #   huggingface-hub
    #   ipython
    #   librosa
    #   lightning
    #   lightning-utilities
    #   livekit-agents
    #   onnx
    #   openai
    #   opentelemetry-api
    #   opentelemetry-exporter-otlp-proto-grpc
    #   opentelemetry-exporter-otlp-proto-http
    #   opentelemetry-sdk
    #   opentelemetry-semantic-conventions
    #   pyannote-core
    #   pydantic
    #   pydantic-core
    #   pytorch-lightning
    #   referencing
    #   soundfile
    #   sox
    #   sqlalchemy
    #   torch
    #   typeguard
    #   typing-inspection
    #   wandb
typing-inspection==0.4.4
    # via pydantic
urllib3==2.8.0
    # via
    #   requests
    #   sentry-sdk
wandb==0.28.1
    # via nemo-toolkit
watchfiles==1.3.0
    # via livekit-agents
wcwidth==0.9.1
    # via prompt-toolkit
webdataset==1.0.2
    # via nemo-toolkit
websockets==15.0.1
    # via openai
werkzeug==3.1.8
    # via tensorboard
wget==3.2
    # via nemo-toolkit
whisper-normalizer==0.1.15
    # via nemo-toolkit
wrapt==2.4.1
    # via nemo-toolkit
xxhash==4.0.1
    # via datasets
yarl==1.25.1
    # via aiohttp
zipp==4.1.0
    # via importlib-metadata
